
Microsoft Visual Studio Solution File, Format Version 12.00
# Visual Studio 2013
VisualStudioVersion = 12.0.31101.0
MinimumVisualStudioVersion = 10.0.40219.1
Project("{FAE04EC0-301F-11D3-BF4B-00C04F79EFBC}") = "RunTimeTypeCreator", "RunTimeTypeCreator\RunTimeTypeCreator.csproj", "{AF3344A5-F788-40F7-8F35-DF47986B6269}"
EndProject
Project("{FAE04EC0-301F-11D3-BF4B-00C04F79EFBC}") = "RunTimeTypeCreator.Tests", "RunTimeTypeCreator.Tests\RunTimeTypeCreator.Tests.csproj", "{062A1F7C-BE24-45E0-A094-98CF2CD7C188}"
EndProject
Global
	GlobalSection(SolutionConfigurationPlatforms) = preSolution
		Debug|Any CPU = Debug|Any CPU
		Release|Any CPU = Release|Any CPU
	EndGlobalSection
	GlobalSection(ProjectConfigurationPlatforms) = postSolution
		{AF3344A5-F788-40F7-8F35-DF47986B6269}.Debug|Any CPU.ActiveCfg = Debug|Any CPU
		{AF3344A5-F788-40F7-8F35-DF47986B6269}.Debug|Any CPU.Build.0 = Debug|Any CPU
		{AF3344A5-F788-40F7-8F35-DF47986B6269}.Release|Any CPU.ActiveCfg = Release|Any CPU
		{AF3344A5-F788-40F7-8F35-DF47986B6269}.Release|Any CPU.Build.0 = Release|Any CPU
		{062A1F7C-BE24-45E0-A094-98CF2CD7C188}.Debug|Any CPU.ActiveCfg = Debug|Any CPU
		{062A1F7C-BE24-45E0-A094-98CF2CD7C188}.Debug|Any CPU.Build.0 = Debug|Any CPU
		{062A1F7C-BE24-45E0-A094-98CF2CD7C188}.Release|Any CPU.ActiveCfg = Release|Any CPU
		{062A1F7C-BE24-45E0-A094-98CF2CD7C188}.Release|Any CPU.Build.0 = Release|Any CPU
	EndGlobalSection
	GlobalSection(SolutionProperties) = preSolution
		HideSolutionNode = FALSE
	EndGlobalSection
EndGlobal
